
Microsoft Visual Studio Solution File, Format Version 12.00
# Visual Studio Version 17
VisualStudioVersion = 17.11.35327.3
MinimumVisualStudioVersion = 10.0.40219.1
Project("{FAE04EC0-301F-11D3-BF4B-00C04F79EFBC}") = "ImageEdit", "ImageEdit\ImageEdit.csproj", "{B0ACB1D8-184D-46B3-A1DF-6E8DE77850B4}"
EndProject
Global
	GlobalSection(SolutionConfigurationPlatforms) = preSolution
		Debug|Any CPU = Debug|Any CPU
		Release|Any CPU = Release|Any CPU
	EndGlobalSection
	GlobalSection(ProjectConfigurationPlatforms) = postSolution
		{B0ACB1D8-184D-46B3-A1DF-6E8DE77850B4}.Debug|Any CPU.ActiveCfg = Debug|Any CPU
		{B0ACB1D8-184D-46B3-A1DF-6E8DE77850B4}.Debug|Any CPU.Build.0 = Debug|Any CPU
		{B0ACB1D8-184D-46B3-A1DF-6E8DE77850B4}.Release|Any CPU.ActiveCfg = Release|Any CPU
		{B0ACB1D8-184D-46B3-A1DF-6E8DE77850B4}.Release|Any CPU.Build.0 = Release|Any CPU
	EndGlobalSection
	GlobalSection(SolutionProperties) = preSolution
		HideSolutionNode = FALSE
	EndGlobalSection
	GlobalSection(ExtensibilityGlobals) = postSolution
		SolutionGuid = {FF2F3B3B-C06A-4077-8983-E3761800FAAC}
	EndGlobalSection
EndGlobal
